
Microsoft Visual Studio Solution File, Format Version 12.00
# Visual Studio Version 17
VisualStudioVersion = 17.9.34607.119
MinimumVisualStudioVersion = 10.0.40219.1
Project("{FAE04EC0-301F-11D3-BF4B-00C04F79EFBC}") = "Calculator", "Calculator\Calculator.csproj", "{F09FF5FE-322A-4C0E-86E3-303DEF04EBDA}"
EndProject
Global
	GlobalSection(SolutionConfigurationPlatforms) = preSolution
		Debug|Any CPU = Debug|Any CPU
		Release|Any CPU = Release|Any CPU
	EndGlobalSection
	GlobalSection(ProjectConfigurationPlatforms) = postSolution
		{F09FF5FE-322A-4C0E-86E3-303DEF04EBDA}.Debug|Any CPU.ActiveCfg = Debug|Any CPU
		{F09FF5FE-322A-4C0E-86E3-303DEF04EBDA}.Debug|Any CPU.Build.0 = Debug|Any CPU
		{F09FF5FE-322A-4C0E-86E3-303DEF04EBDA}.Release|Any CPU.ActiveCfg = Release|Any CPU
		{F09FF5FE-322A-4C0E-86E3-303DEF04EBDA}.Release|Any CPU.Build.0 = Release|Any CPU
	EndGlobalSection
	GlobalSection(SolutionProperties) = preSolution
		HideSolutionNode = FALSE
	EndGlobalSection
	GlobalSection(ExtensibilityGlobals) = postSolution
		SolutionGuid = {C6C14BDF-99A3-41DB-862A-1BBF43D5E07B}
	EndGlobalSection
EndGlobal
